
Microsoft Visual Studio Solution File, Format Version 12.00
# Visual Studio Version 16
VisualStudioVersion = 16.0.29025.244
MinimumVisualStudioVersion = 10.0.40219.1
Project("{FAE04EC0-301F-11D3-BF4B-00C04F79EFBC}") = "Chapter1", "CSharpPro7\Chapter1.csproj", "{E14D92B2-5EA5-4879-A118-B2134BFBA488}"
EndProject
Global
	GlobalSection(SolutionConfigurationPlatforms) = preSolution
		Debug|Any CPU = Debug|Any CPU
		Release|Any CPU = Release|Any CPU
	EndGlobalSection
	GlobalSection(ProjectConfigurationPlatforms) = postSolution
		{E14D92B2-5EA5-4879-A118-B2134BFBA488}.Debug|Any CPU.ActiveCfg = Debug|Any CPU
		{E14D92B2-5EA5-4879-A118-B2134BFBA488}.Debug|Any CPU.Build.0 = Debug|Any CPU
		{E14D92B2-5EA5-4879-A118-B2134BFBA488}.Release|Any CPU.ActiveCfg = Release|Any CPU
		{E14D92B2-5EA5-4879-A118-B2134BFBA488}.Release|Any CPU.Build.0 = Release|Any CPU
	EndGlobalSection
	GlobalSection(SolutionProperties) = preSolution
		HideSolutionNode = FALSE
	EndGlobalSection
	GlobalSection(ExtensibilityGlobals) = postSolution
		SolutionGuid = {7A139DF6-6C8E-42B5-8D17-A3B414B1712A}
	EndGlobalSection
EndGlobal
